
Microsoft Visual Studio Solution File, Format Version 12.00
# Visual Studio 15
VisualStudioVersion = 15.0.27703.2042
MinimumVisualStudioVersion = 10.0.40219.1
Project("{FAE04EC0-301F-11D3-BF4B-00C04F79EFBC}") = "TransportRoutes", "TransportRoutes\TransportRoutes.csproj", "{A6CBE6E4-23CD-4962-A85F-92E3B9B9DFCF}"
EndProject
Project("{2150E333-8FDC-42A3-9474-1A3956D46DE8}") = "SolutionItems", "SolutionItems", "{EFB59018-2295-4C2E-8719-261BFF116612}"
	ProjectSection(SolutionItems) = preProject
		.gitattributes = .gitattributes
		.gitignore = .gitignore
		clean-with-scc.bat = clean-with-scc.bat
		readme.md = readme.md
	EndProjectSection
EndProject
Global
	GlobalSection(SolutionConfigurationPlatforms) = preSolution
		Debug|Any CPU = Debug|Any CPU
		Release|Any CPU = Release|Any CPU
	EndGlobalSection
	GlobalSection(ProjectConfigurationPlatforms) = postSolution
		{A6CBE6E4-23CD-4962-A85F-92E3B9B9DFCF}.Debug|Any CPU.ActiveCfg = Debug|Any CPU
		{A6CBE6E4-23CD-4962-A85F-92E3B9B9DFCF}.Debug|Any CPU.Build.0 = Debug|Any CPU
		{A6CBE6E4-23CD-4962-A85F-92E3B9B9DFCF}.Release|Any CPU.ActiveCfg = Release|Any CPU
		{A6CBE6E4-23CD-4962-A85F-92E3B9B9DFCF}.Release|Any CPU.Build.0 = Release|Any CPU
	EndGlobalSection
	GlobalSection(SolutionProperties) = preSolution
		HideSolutionNode = FALSE
	EndGlobalSection
	GlobalSection(ExtensibilityGlobals) = postSolution
		SolutionGuid = {6301C124-CB81-4B57-8F70-C4A0A518D5D8}
	EndGlobalSection
EndGlobal
